<?xml version="1.0"?>
<CONFIG>
  <ProjectOptions>
    <PathDelim Value="/"/>
    <Version Value="5"/>
    <General>
      <MainUnit Value="0"/>
      <IconPath Value="./"/>
      <TargetFileExt Value=""/>
      <Title Value="mp3gaingui"/>
      <ActiveEditorIndexAtStart Value="3"/>
    </General>
    <VersionInfo>
      <ProjectVersion Value=""/>
      <Language Value=""/>
      <CharSet Value=""/>
    </VersionInfo>
    <PublishOptions>
      <Version Value="2"/>
      <IgnoreBinaries Value="False"/>
      <IncludeFileFilter Value="*.(pas|pp|inc|lfm|lpr|lrs|lpi|lpk|sh|xml)"/>
      <ExcludeFileFilter Value="*.(bak|ppu|ppw|o|so);*~;backup"/>
    </PublishOptions>
    <RunParams>
      <local>
        <FormatVersion Value="1"/>
        <LaunchingApplication PathPlusParams="/usr/X11R6/bin/xterm -T 'Lazarus Run Output' -e $(LazarusDir)/tools/runwait.sh $(TargetCmdLine)"/>
      </local>
    </RunParams>
    <RequiredPackages Count="2">
      <Item1>
        <PackageName Value="FCL"/>
        <MinVersion Major="1" Valid="True"/>
      </Item1>
      <Item2>
        <PackageName Value="LCL"/>
      </Item2>
    </RequiredPackages>
    <Units Count="26">
      <Unit0>
        <Filename Value="easymp3gain.lpr"/>
        <IsPartOfProject Value="True"/>
        <UnitName Value="easymp3gain"/>
        <CursorPos X="32" Y="11"/>
        <TopLine Value="1"/>
        <EditorIndex Value="2"/>
        <UsageCount Value="162"/>
        <Loaded Value="True"/>
      </Unit0>
      <Unit1>
        <Filename Value="unitmain.pas"/>
        <ComponentName Value="frmMp3GainGUIMain"/>
        <IsPartOfProject Value="True"/>
        <ResourceFilename Value="unitmain.lrs"/>
        <UnitName Value="UnitMain"/>
        <CursorPos X="55" Y="142"/>
        <TopLine Value="122"/>
        <EditorIndex Value="3"/>
        <UsageCount Value="162"/>
        <Loaded Value="True"/>
      </Unit1>
      <Unit2>
        <Filename Value="/usr/share/lazarus/lcl/include/customlistview.inc"/>
        <CursorPos X="43" Y="269"/>
        <TopLine Value="240"/>
        <UsageCount Value="20"/>
      </Unit2>
      <Unit3>
        <Filename Value="../Mp3GainGUI/unitmain.lfm"/>
        <CursorPos X="1" Y="1"/>
        <TopLine Value="1"/>
        <UsageCount Value="20"/>
        <SyntaxHighlighter Value="LFM"/>
      </Unit3>
      <Unit4>
        <Filename Value="/usr/share/lazarus/lcl/include/listitem.inc"/>
        <CursorPos X="1" Y="194"/>
        <TopLine Value="171"/>
        <UsageCount Value="19"/>
      </Unit4>
      <Unit5>
        <Filename Value="unitinfo.pas"/>
        <ComponentName Value="frmMP3GainGUIInfo"/>
        <IsPartOfProject Value="True"/>
        <ResourceFilename Value="unitinfo.lrs"/>
        <UnitName Value="UnitInfo"/>
        <CursorPos X="2" Y="21"/>
        <TopLine Value="1"/>
        <EditorIndex Value="0"/>
        <UsageCount Value="159"/>
        <Loaded Value="True"/>
      </Unit5>
      <Unit6>
        <Filename Value="unitmp3gain.pas"/>
        <IsPartOfProject Value="True"/>
        <UnitName Value="UnitMP3Gain"/>
        <CursorPos X="41" Y="570"/>
        <TopLine Value="547"/>
        <EditorIndex Value="1"/>
        <UsageCount Value="157"/>
        <Loaded Value="True"/>
      </Unit6>
      <Unit7>
        <Filename Value="../Mp3GainGUI/unitthread.pas"/>
        <UnitName Value="UnitThread"/>
        <CursorPos X="1" Y="17"/>
        <TopLine Value="1"/>
        <UsageCount Value="50"/>
      </Unit7>
      <Unit8>
        <Filename Value="/usr/share/fpcsrc/fcl/inc/process.pp"/>
        <UnitName Value="process"/>
        <CursorPos X="20" Y="176"/>
        <TopLine Value="280"/>
        <UsageCount Value="5"/>
      </Unit8>
      <Unit9>
        <Filename Value="/usr/share/fpcsrc/rtl/objpas/classes/classesh.inc"/>
        <CursorPos X="80" Y="505"/>
        <TopLine Value="177"/>
        <UsageCount Value="5"/>
      </Unit9>
      <Unit10>
        <Filename Value="/usr/share/lazarus/lcl/lclproc.pas"/>
        <UnitName Value="LCLProc"/>
        <CursorPos X="34" Y="808"/>
        <TopLine Value="784"/>
        <UsageCount Value="7"/>
      </Unit10>
      <Unit11>
        <Filename Value="/usr/share/lazarus/lcl/interfaces/gtk/gtkobject.inc"/>
        <CursorPos X="1" Y="590"/>
        <TopLine Value="565"/>
        <UsageCount Value="9"/>
      </Unit11>
      <Unit12>
        <Filename Value="/usr/share/lazarus/lcl/include/statuspanels.inc"/>
        <CursorPos X="24" Y="24"/>
        <TopLine Value="5"/>
        <UsageCount Value="3"/>
      </Unit12>
      <Unit13>
        <Filename Value="/usr/share/lazarus/lcl/include/control.inc"/>
        <CursorPos X="1" Y="2377"/>
        <TopLine Value="2354"/>
        <UsageCount Value="3"/>
      </Unit13>
      <Unit14>
        <Filename Value="/usr/share/lazarus/lcl/include/application.inc"/>
        <CursorPos X="1" Y="1591"/>
        <TopLine Value="1568"/>
        <UsageCount Value="9"/>
      </Unit14>
      <Unit15>
        <Filename Value="/usr/share/lazarus/lcl/include/menuitem.inc"/>
        <CursorPos X="1" Y="263"/>
        <TopLine Value="240"/>
        <UsageCount Value="3"/>
      </Unit15>
      <Unit16>
        <Filename Value="/usr/share/lazarus/lcl/interfaces/gtk/gtkproc.inc"/>
        <CursorPos X="36" Y="3531"/>
        <TopLine Value="3501"/>
        <UsageCount Value="3"/>
      </Unit16>
      <Unit17>
        <Filename Value="/usr/share/fpcsrc/rtl/objpas/sysutils/sysutilh.inc"/>
        <CursorPos X="4" Y="33"/>
        <TopLine Value="1"/>
        <UsageCount Value="2"/>
      </Unit17>
      <Unit18>
        <Filename Value="/usr/share/lazarus/lcl/include/listitems.inc"/>
        <CursorPos X="26" Y="7"/>
        <TopLine Value="1"/>
        <UsageCount Value="8"/>
      </Unit18>
      <Unit19>
        <Filename Value="/usr/share/lazarus/lcl/forms.pp"/>
        <UnitName Value="Forms"/>
        <CursorPos X="29" Y="531"/>
        <TopLine Value="513"/>
        <UsageCount Value="11"/>
      </Unit19>
      <Unit20>
        <Filename Value="/usr/share/lazarus/lcl/lclrescache.pas"/>
        <UnitName Value="LCLResCache"/>
        <CursorPos X="47" Y="159"/>
        <TopLine Value="143"/>
        <UsageCount Value="3"/>
      </Unit20>
      <Unit21>
        <Filename Value="/usr/share/lazarus/lcl/interfaces/gtk/gtkwinapi.inc"/>
        <CursorPos X="1" Y="10009"/>
        <TopLine Value="9986"/>
        <UsageCount Value="3"/>
      </Unit21>
      <Unit22>
        <Filename Value="/usr/share/lazarus/lcl/comctrls.pp"/>
        <UnitName Value="ComCtrls"/>
        <CursorPos X="29" Y="16"/>
        <TopLine Value="1"/>
        <UsageCount Value="5"/>
      </Unit22>
      <Unit23>
        <Filename Value="/usr/share/lazarus/lcl/include/canvas.inc"/>
        <CursorPos X="42" Y="1363"/>
        <TopLine Value="1333"/>
        <UsageCount Value="16"/>
      </Unit23>
      <Unit24>
        <Filename Value="unitgainconstant.pas"/>
        <ComponentName Value="frmMP3GainConstant"/>
        <IsPartOfProject Value="True"/>
        <ResourceFilename Value="unitgainconstant.lrs"/>
        <UnitName Value="UnitGainConstant"/>
        <CursorPos X="2" Y="21"/>
        <TopLine Value="36"/>
        <EditorIndex Value="5"/>
        <UsageCount Value="36"/>
        <Loaded Value="True"/>
      </Unit24>
      <Unit25>
        <Filename Value="/usr/share/lazarus/lcl/controls.pp"/>
        <UnitName Value="Controls"/>
        <CursorPos X="14" Y="1083"/>
        <TopLine Value="1048"/>
        <EditorIndex Value="4"/>
        <UsageCount Value="10"/>
        <Loaded Value="True"/>
      </Unit25>
    </Units>
    <JumpHistory Count="7" HistoryIndex="6">
      <Position1>
        <Filename Value="easymp3gain.lpr"/>
        <Caret Line="1" Column="20" TopLine="1"/>
      </Position1>
      <Position2>
        <Filename Value="unitinfo.pas"/>
        <Caret Line="69" Column="19" TopLine="17"/>
      </Position2>
      <Position3>
        <Filename Value="unitinfo.pas"/>
        <Caret Line="1" Column="1" TopLine="1"/>
      </Position3>
      <Position4>
        <Filename Value="unitmain.pas"/>
        <Caret Line="5" Column="31" TopLine="1"/>
      </Position4>
      <Position5>
        <Filename Value="unitmain.pas"/>
        <Caret Line="163" Column="27" TopLine="149"/>
      </Position5>
      <Position6>
        <Filename Value="unitmain.pas"/>
        <Caret Line="150" Column="32" TopLine="126"/>
      </Position6>
      <Position7>
        <Filename Value="unitmain.pas"/>
        <Caret Line="194" Column="37" TopLine="166"/>
      </Position7>
    </JumpHistory>
  </ProjectOptions>
  <CompilerOptions>
    <Version Value="5"/>
    <SearchPaths>
      <LCLWidgetType Value="gtk2"/>
    </SearchPaths>
    <CodeGeneration>
      <Generate Value="Faster"/>
      <TargetCPU Value="i386"/>
      <TargetOS Value="Linux"/>
    </CodeGeneration>
    <Linking>
      <Options>
        <Win32>
          <GraphicApplication Value="True"/>
        </Win32>
      </Options>
    </Linking>
    <Other>
      <CompilerPath Value="$(CompPath)"/>
    </Other>
  </CompilerOptions>
  <Debugging>
    <BreakPoints Count="3">
      <Item1>
        <Source Value="../MP3-Manager/main.pas"/>
        <Line Value="289"/>
      </Item1>
      <Item2>
        <Source Value="../lt/unit1.pas"/>
        <Line Value="43"/>
      </Item2>
      <Item3>
        <Source Value="../lt/unit1.pas"/>
        <Line Value="53"/>
      </Item3>
    </BreakPoints>
    <Watches Count="5">
      <Item1>
        <Expression Value="PathDelim"/>
        <Enabled Value="False"/>
      </Item1>
      <Item2>
        <Expression Value="Text"/>
        <Enabled Value="False"/>
      </Item2>
      <Item3>
        <Expression Value="SongItem"/>
        <Enabled Value="False"/>
      </Item3>
      <Item4>
        <Expression Value="(SongItem^.ListViewItem)"/>
        <Enabled Value="False"/>
      </Item4>
      <Item5>
        <Expression Value="pmnAnalysisTrack"/>
        <Enabled Value="False"/>
      </Item5>
    </Watches>
    <Exceptions Count="2">
      <Item1>
        <Name Value="ECodetoolError"/>
      </Item1>
      <Item2>
        <Name Value="EFOpenError"/>
      </Item2>
    </Exceptions>
  </Debugging>
</CONFIG>
