<?xml version="1.0"?>
<CONFIG>
  <ProjectOptions>
    <PathDelim Value="/"/>
    <Version Value="6"/>
    <General>
      <MainUnit Value="0"/>
      <IconPath Value="./"/>
      <TargetFileExt Value=""/>
      <Title Value="easymp3gain"/>
      <ActiveEditorIndexAtStart Value="1"/>
    </General>
    <i18n>
      <EnableI18N Value="True"/>
      <OutDir Value="../languages"/>
    </i18n>
    <VersionInfo>
      <ProjectVersion Value=""/>
    </VersionInfo>
    <PublishOptions>
      <Version Value="2"/>
      <IgnoreBinaries Value="False"/>
      <IncludeFileFilter Value="*.(pas|pp|inc|lfm|lpr|lrs|lpi|lpk|sh|xml)"/>
      <ExcludeFileFilter Value="*.(bak|ppu|ppw|o|so);*~;backup"/>
    </PublishOptions>
    <RunParams>
      <local>
        <FormatVersion Value="1"/>
        <LaunchingApplication PathPlusParams="/usr/X11R6/bin/xterm -T 'Lazarus Run Output' -e $(LazarusDir)/tools/runwait.sh $(TargetCmdLine)"/>
      </local>
    </RunParams>
    <RequiredPackages Count="2">
      <Item1>
        <PackageName Value="LCL"/>
      </Item1>
      <Item2>
        <PackageName Value="FCL"/>
        <MinVersion Major="1" Valid="True"/>
      </Item2>
    </RequiredPackages>
    <Units Count="41">
      <Unit0>
        <Filename Value="easymp3gain.lpr"/>
        <IsPartOfProject Value="True"/>
        <UnitName Value="easymp3gain"/>
        <CursorPos X="23" Y="42"/>
        <TopLine Value="1"/>
        <EditorIndex Value="0"/>
        <UsageCount Value="200"/>
        <Loaded Value="True"/>
      </Unit0>
      <Unit1>
        <Filename Value="unitmain.pas"/>
        <ComponentName Value="frmMp3GainMain"/>
        <IsPartOfProject Value="True"/>
        <ResourceBaseClass Value="Form"/>
        <ResourceFilename Value="unitmain.lrs"/>
        <UnitName Value="UnitMain"/>
        <CursorPos X="53" Y="728"/>
        <TopLine Value="706"/>
        <EditorIndex Value="1"/>
        <UsageCount Value="200"/>
        <Bookmarks Count="2">
          <Item0 X="24" Y="365" ID="0"/>
          <Item1 X="1" Y="568" ID="1"/>
        </Bookmarks>
        <Loaded Value="True"/>
      </Unit1>
      <Unit2>
        <Filename Value="/usr/share/lazarus/lcl/include/customlistview.inc"/>
        <CursorPos X="21" Y="260"/>
        <TopLine Value="240"/>
        <UsageCount Value="10"/>
      </Unit2>
      <Unit3>
        <Filename Value="../Mp3GainGUI/unitmain.lfm"/>
        <CursorPos X="1" Y="1"/>
        <TopLine Value="1"/>
        <UsageCount Value="10"/>
        <SyntaxHighlighter Value="LFM"/>
      </Unit3>
      <Unit4>
        <Filename Value="/usr/share/lazarus/lcl/include/listitem.inc"/>
        <CursorPos X="1" Y="314"/>
        <TopLine Value="299"/>
        <UsageCount Value="10"/>
      </Unit4>
      <Unit5>
        <Filename Value="unitinfo.pas"/>
        <ComponentName Value="frmMP3GainGUIInfo"/>
        <IsPartOfProject Value="True"/>
        <ResourceBaseClass Value="Form"/>
        <ResourceFilename Value="unitinfo.lrs"/>
        <UnitName Value="UnitInfo"/>
        <CursorPos X="24" Y="24"/>
        <TopLine Value="42"/>
        <UsageCount Value="200"/>
      </Unit5>
      <Unit6>
        <Filename Value="unitmp3gain.pas"/>
        <IsPartOfProject Value="True"/>
        <UnitName Value="UnitMP3Gain"/>
        <CursorPos X="4" Y="37"/>
        <TopLine Value="17"/>
        <UsageCount Value="201"/>
        <Bookmarks Count="1">
          <Item0 X="4" Y="37" ID="0"/>
        </Bookmarks>
      </Unit6>
      <Unit7>
        <Filename Value="../Mp3GainGUI/unitthread.pas"/>
        <UnitName Value="UnitThread"/>
        <CursorPos X="1" Y="17"/>
        <TopLine Value="1"/>
        <UsageCount Value="20"/>
      </Unit7>
      <Unit8>
        <Filename Value="/usr/share/lazarus/lcl/include/control.inc"/>
        <CursorPos X="1" Y="1596"/>
        <TopLine Value="1581"/>
        <UsageCount Value="6"/>
      </Unit8>
      <Unit9>
        <Filename Value="/usr/share/lazarus/lcl/include/menuitem.inc"/>
        <CursorPos X="1" Y="263"/>
        <TopLine Value="248"/>
        <UsageCount Value="5"/>
      </Unit9>
      <Unit10>
        <Filename Value="/usr/share/lazarus/lcl/interfaces/gtk/gtkproc.inc"/>
        <CursorPos X="1" Y="3739"/>
        <TopLine Value="3724"/>
        <UsageCount Value="6"/>
      </Unit10>
      <Unit11>
        <Filename Value="/usr/share/lazarus/lcl/comctrls.pp"/>
        <UnitName Value="ComCtrls"/>
        <CursorPos X="29" Y="16"/>
        <TopLine Value="1"/>
        <UsageCount Value="5"/>
      </Unit11>
      <Unit12>
        <Filename Value="unitgainconstant.pas"/>
        <ComponentName Value="frmMP3GainConstant"/>
        <IsPartOfProject Value="True"/>
        <ResourceBaseClass Value="Form"/>
        <ResourceFilename Value="unitgainconstant.lrs"/>
        <UnitName Value="UnitGainConstant"/>
        <CursorPos X="29" Y="4"/>
        <TopLine Value="1"/>
        <UsageCount Value="200"/>
      </Unit12>
      <Unit13>
        <Filename Value="/usr/share/lazarus/lcl/controls.pp"/>
        <UnitName Value="Controls"/>
        <CursorPos X="14" Y="1083"/>
        <TopLine Value="1048"/>
        <UsageCount Value="10"/>
      </Unit13>
      <Unit14>
        <Filename Value="/usr/share/lazarus/lcl/include/customform.inc"/>
        <CursorPos X="24" Y="1095"/>
        <TopLine Value="1085"/>
        <UsageCount Value="1"/>
      </Unit14>
      <Unit15>
        <Filename Value="/usr/lib/lazarus/lcl/include/listitem.inc"/>
        <CursorPos X="35" Y="507"/>
        <TopLine Value="484"/>
        <UsageCount Value="4"/>
      </Unit15>
      <Unit16>
        <Filename Value="/usr/share/fpcsrc/rtl/linux/ostypes.inc"/>
        <CursorPos X="3" Y="89"/>
        <TopLine Value="74"/>
        <UsageCount Value="9"/>
      </Unit16>
      <Unit17>
        <Filename Value="/usr/share/lazarus/lcl/interfaces/gtk/gtk1object.inc"/>
        <CursorPos X="88" Y="597"/>
        <TopLine Value="580"/>
        <UsageCount Value="4"/>
      </Unit17>
      <Unit18>
        <Filename Value="/usr/share/lazarus/lcl/include/toolbutton.inc"/>
        <CursorPos X="1" Y="122"/>
        <TopLine Value="107"/>
        <UsageCount Value="6"/>
      </Unit18>
      <Unit19>
        <Filename Value="/usr/share/lazarus/lcl/include/wincontrol.inc"/>
        <CursorPos X="1" Y="4652"/>
        <TopLine Value="4637"/>
        <UsageCount Value="6"/>
      </Unit19>
      <Unit20>
        <Filename Value="/usr/share/lazarus/lcl/interfaces/gtk/gtkcallback.inc"/>
        <CursorPos X="1" Y="1679"/>
        <TopLine Value="1664"/>
        <UsageCount Value="6"/>
      </Unit20>
      <Unit21>
        <Filename Value="/usr/share/lazarus/lcl/include/progressbar.inc"/>
        <CursorPos X="1" Y="163"/>
        <TopLine Value="148"/>
        <UsageCount Value="5"/>
      </Unit21>
      <Unit22>
        <Filename Value="/usr/share/lazarus/lcl/interfaces/gtk/gtkwscomctrls.pp"/>
        <UnitName Value="GtkWSComCtrls"/>
        <CursorPos X="27" Y="278"/>
        <TopLine Value="263"/>
        <UsageCount Value="5"/>
      </Unit22>
      <Unit23>
        <Filename Value="/usr/share/fpcsrc/rtl/unix/sysutils.pp"/>
        <UnitName Value="sysutils"/>
        <CursorPos X="1" Y="1"/>
        <TopLine Value="1"/>
        <UsageCount Value="1"/>
      </Unit23>
      <Unit24>
        <Filename Value="unitoptions.pas"/>
        <ComponentName Value="frmMp3GainOptions"/>
        <IsPartOfProject Value="True"/>
        <ResourceBaseClass Value="Form"/>
        <ResourceFilename Value="unitoptions.lrs"/>
        <UnitName Value="UnitOptions"/>
        <CursorPos X="21" Y="127"/>
        <TopLine Value="95"/>
        <UsageCount Value="201"/>
      </Unit24>
      <Unit25>
        <Filename Value="/usr/share/lazarus/lcl/include/imglist.inc"/>
        <CursorPos X="1" Y="356"/>
        <TopLine Value="341"/>
        <UsageCount Value="5"/>
      </Unit25>
      <Unit26>
        <Filename Value="unitconsoleoutput.pas"/>
        <ComponentName Value="frmMP3GainConsoleOutput"/>
        <IsPartOfProject Value="True"/>
        <ResourceBaseClass Value="Form"/>
        <ResourceFilename Value="unitconsoleoutput.lrs"/>
        <UnitName Value="unitConsoleOutput"/>
        <CursorPos X="2" Y="21"/>
        <TopLine Value="1"/>
        <UsageCount Value="156"/>
      </Unit26>
      <Unit27>
        <Filename Value="callbackprocess.pas"/>
        <UnitName Value="callbackprocess"/>
        <CursorPos X="29" Y="30"/>
        <TopLine Value="9"/>
        <UsageCount Value="12"/>
      </Unit27>
      <Unit28>
        <Filename Value="/usr/lib/lazarus/lcl/translations.pas"/>
        <UnitName Value="Translations"/>
        <CursorPos X="1" Y="456"/>
        <TopLine Value="436"/>
        <UsageCount Value="4"/>
      </Unit28>
      <Unit29>
        <Filename Value="unittranslate.pas"/>
        <IsPartOfProject Value="True"/>
        <UnitName Value="unitTranslate"/>
        <CursorPos X="60" Y="42"/>
        <TopLine Value="42"/>
        <UsageCount Value="131"/>
      </Unit29>
      <Unit30>
        <Filename Value="/usr/lib/lazarus/lcl/include/wincontrol.inc"/>
        <CursorPos X="1" Y="4939"/>
        <TopLine Value="4918"/>
        <UsageCount Value="10"/>
      </Unit30>
      <Unit31>
        <Filename Value="/usr/lib/lazarus/lcl/comctrls.pp"/>
        <UnitName Value="ComCtrls"/>
        <CursorPos X="3" Y="807"/>
        <TopLine Value="787"/>
        <UsageCount Value="2"/>
      </Unit31>
      <Unit32>
        <Filename Value="/usr/share/fpcsrc/2.2.0/rtl/objpas/classes/classesh.inc"/>
        <CursorPos X="3" Y="1306"/>
        <TopLine Value="1286"/>
        <UsageCount Value="2"/>
      </Unit32>
      <Unit33>
        <Filename Value="unitmediagain.pas"/>
        <IsPartOfProject Value="True"/>
        <UnitName Value="UnitMediaGain"/>
        <CursorPos X="33" Y="402"/>
        <TopLine Value="381"/>
        <UsageCount Value="119"/>
      </Unit33>
      <Unit34>
        <Filename Value="/usr/share/fpcsrc/2.2.0/rtl/objpas/sysutils/sysstrh.inc"/>
        <CursorPos X="10" Y="122"/>
        <TopLine Value="102"/>
        <UsageCount Value="2"/>
      </Unit34>
      <Unit35>
        <Filename Value="unitvorbisgain.pas"/>
        <IsPartOfProject Value="True"/>
        <UnitName Value="UnitVorbisGain"/>
        <CursorPos X="9" Y="61"/>
        <TopLine Value="37"/>
        <UsageCount Value="118"/>
      </Unit35>
      <Unit36>
        <Filename Value="/usr/lib/lazarus/lcl/forms.pp"/>
        <UnitName Value="Forms"/>
        <CursorPos X="3" Y="1339"/>
        <TopLine Value="1319"/>
        <UsageCount Value="4"/>
      </Unit36>
      <Unit37>
        <Filename Value="unitvorbiscomment.pas"/>
        <IsPartOfProject Value="True"/>
        <UnitName Value="VorbisComment"/>
        <CursorPos X="6" Y="1"/>
        <TopLine Value="1"/>
        <UsageCount Value="86"/>
      </Unit37>
      <Unit38>
        <Filename Value="vorbiscomment.pas"/>
        <UnitName Value="VorbisComment"/>
        <CursorPos X="7" Y="74"/>
        <TopLine Value="38"/>
        <UsageCount Value="12"/>
      </Unit38>
      <Unit39>
        <Filename Value="/usr/lib/lazarus/lcl/include/control.inc"/>
        <CursorPos X="1" Y="2095"/>
        <TopLine Value="2074"/>
        <UsageCount Value="11"/>
      </Unit39>
      <Unit40>
        <Filename Value="/usr/lib/lazarus/lcl/include/toolbutton.inc"/>
        <CursorPos X="1" Y="140"/>
        <TopLine Value="120"/>
        <UsageCount Value="7"/>
      </Unit40>
    </Units>
    <JumpHistory Count="30" HistoryIndex="29">
      <Position1>
        <Filename Value="unitmain.pas"/>
        <Caret Line="368" Column="10" TopLine="345"/>
      </Position1>
      <Position2>
        <Filename Value="unitmain.pas"/>
        <Caret Line="1004" Column="3" TopLine="1001"/>
      </Position2>
      <Position3>
        <Filename Value="unitmain.pas"/>
        <Caret Line="721" Column="92" TopLine="702"/>
      </Position3>
      <Position4>
        <Filename Value="unitmain.pas"/>
        <Caret Line="725" Column="1" TopLine="704"/>
      </Position4>
      <Position5>
        <Filename Value="unitmain.pas"/>
        <Caret Line="726" Column="1" TopLine="705"/>
      </Position5>
      <Position6>
        <Filename Value="unitmain.pas"/>
        <Caret Line="725" Column="1" TopLine="704"/>
      </Position6>
      <Position7>
        <Filename Value="unitmain.pas"/>
        <Caret Line="726" Column="1" TopLine="705"/>
      </Position7>
      <Position8>
        <Filename Value="unitmain.pas"/>
        <Caret Line="731" Column="82" TopLine="705"/>
      </Position8>
      <Position9>
        <Filename Value="unitmain.pas"/>
        <Caret Line="862" Column="1" TopLine="841"/>
      </Position9>
      <Position10>
        <Filename Value="unitmain.pas"/>
        <Caret Line="863" Column="1" TopLine="842"/>
      </Position10>
      <Position11>
        <Filename Value="unitmain.pas"/>
        <Caret Line="864" Column="1" TopLine="843"/>
      </Position11>
      <Position12>
        <Filename Value="unitmain.pas"/>
        <Caret Line="865" Column="1" TopLine="844"/>
      </Position12>
      <Position13>
        <Filename Value="unitmain.pas"/>
        <Caret Line="866" Column="1" TopLine="845"/>
      </Position13>
      <Position14>
        <Filename Value="unitmain.pas"/>
        <Caret Line="725" Column="1" TopLine="704"/>
      </Position14>
      <Position15>
        <Filename Value="unitmain.pas"/>
        <Caret Line="726" Column="1" TopLine="705"/>
      </Position15>
      <Position16>
        <Filename Value="unitmain.pas"/>
        <Caret Line="725" Column="1" TopLine="704"/>
      </Position16>
      <Position17>
        <Filename Value="unitmain.pas"/>
        <Caret Line="726" Column="1" TopLine="705"/>
      </Position17>
      <Position18>
        <Filename Value="unitmain.pas"/>
        <Caret Line="862" Column="1" TopLine="841"/>
      </Position18>
      <Position19>
        <Filename Value="unitmain.pas"/>
        <Caret Line="863" Column="1" TopLine="842"/>
      </Position19>
      <Position20>
        <Filename Value="unitmain.pas"/>
        <Caret Line="858" Column="87" TopLine="843"/>
      </Position20>
      <Position21>
        <Filename Value="unitmain.pas"/>
        <Caret Line="1004" Column="3" TopLine="1001"/>
      </Position21>
      <Position22>
        <Filename Value="unitmain.pas"/>
        <Caret Line="730" Column="86" TopLine="702"/>
      </Position22>
      <Position23>
        <Filename Value="unitmain.pas"/>
        <Caret Line="725" Column="1" TopLine="704"/>
      </Position23>
      <Position24>
        <Filename Value="unitmain.pas"/>
        <Caret Line="727" Column="1" TopLine="706"/>
      </Position24>
      <Position25>
        <Filename Value="unitmain.pas"/>
        <Caret Line="725" Column="1" TopLine="704"/>
      </Position25>
      <Position26>
        <Filename Value="unitmain.pas"/>
        <Caret Line="731" Column="1" TopLine="710"/>
      </Position26>
      <Position27>
        <Filename Value="unitmain.pas"/>
        <Caret Line="1008" Column="1" TopLine="987"/>
      </Position27>
      <Position28>
        <Filename Value="unitmain.pas"/>
        <Caret Line="1017" Column="36" TopLine="1004"/>
      </Position28>
      <Position29>
        <Filename Value="unitmain.pas"/>
        <Caret Line="723" Column="1" TopLine="707"/>
      </Position29>
      <Position30>
        <Filename Value="unitmain.pas"/>
        <Caret Line="727" Column="37" TopLine="706"/>
      </Position30>
    </JumpHistory>
  </ProjectOptions>
  <CompilerOptions>
    <Version Value="5"/>
    <SearchPaths>
      <UnitOutputDirectory Value="../bin"/>
      <LCLWidgetType Value="qt"/>
    </SearchPaths>
    <CodeGeneration>
      <Generate Value="Faster"/>
      <TargetCPU Value="i386"/>
      <Optimizations>
        <OptimizationLevel Value="2"/>
      </Optimizations>
      <TargetOS Value="Linux"/>
    </CodeGeneration>
    <Linking>
      <Debugging>
        <StripSymbols Value="True"/>
      </Debugging>
      <LinkSmart Value="True"/>
    </Linking>
    <Other>
      <CompilerPath Value="$(CompPath)"/>
    </Other>
  </CompilerOptions>
  <Debugging>
    <BreakPoints Count="3">
      <Item1>
        <Source Value="../MP3-Manager/main.pas"/>
        <Line Value="289"/>
      </Item1>
      <Item2>
        <Source Value="../lt/unit1.pas"/>
        <Line Value="43"/>
      </Item2>
      <Item3>
        <Source Value="../lt/unit1.pas"/>
        <Line Value="53"/>
      </Item3>
    </BreakPoints>
    <Watches Count="7">
      <Item1>
        <Expression Value="PathDelim"/>
        <Enabled Value="False"/>
      </Item1>
      <Item2>
        <Expression Value="Text"/>
        <Enabled Value="False"/>
      </Item2>
      <Item3>
        <Expression Value="SongItem"/>
        <Enabled Value="False"/>
      </Item3>
      <Item4>
        <Expression Value="(SongItem^.ListViewItem)"/>
        <Enabled Value="False"/>
      </Item4>
      <Item5>
        <Expression Value="pmnAnalysisTrack"/>
        <Enabled Value="False"/>
      </Item5>
      <Item6>
        <Expression Value="SongItems"/>
        <Enabled Value="False"/>
      </Item6>
      <Item7>
        <Expression Value="Location"/>
        <Enabled Value="False"/>
      </Item7>
    </Watches>
    <Exceptions Count="2">
      <Item1>
        <Name Value="ECodetoolError"/>
      </Item1>
      <Item2>
        <Name Value="EFOpenError"/>
      </Item2>
    </Exceptions>
  </Debugging>
</CONFIG>
